// !$*UTF8*$!
{
	archiveVersion = 1;
	classes = {
	};
	objectVersion = 46;
	objects = {

/* Begin PBXAggregateTarget section */
		A07FEE421D8DE4E400309652 /* Gamecontroller */ = {
			isa = PBXAggregateTarget;
			buildConfigurationList = A07FEEB51D8DE4E600309652 /* Build configuration list for PBXAggregateTarget "Gamecontroller" */;
			buildPhases = (
				A07FEE411D8DE4E400309652 /* ShellScript */,
			);
			dependencies = (
			);
			name = Gamecontroller;
			productName = Gamecontroller;
		};
/* End PBXAggregateTarget section */

/* Begin PBXBuildFile section */
		A07FEE4C1D8DE4E400309652 /* GamecontrollerFormPlugin-Prefix.pch in Resources */ = {isa = PBXBuildFile; fileRef = A07FEE4B1D8DE4E400309652 /* GamecontrollerFormPlugin-Prefix.pch */; };
		A07FEE4F1D8DE4E500309652 /* Former.framework in Frameworks */ = {isa = PBXBuildFile; fileRef = A07FEE4E1D8DE4E500309652 /* Former.framework */; };
		A07FEE511D8DE4E600309652 /* RelativeInterfaceMac.framework in Frameworks */ = {isa = PBXBuildFile; fileRef = A07FEE501D8DE4E600309652 /* RelativeInterfaceMac.framework */; };
		A07FEE541D8DE4E600309652 /* GamecontrollerPlugin.m in Sources */ = {isa = PBXBuildFile; fileRef = A07FEE531D8DE4E600309652 /* GamecontrollerPlugin.m */; };
		A07FEE571D8DE4E600309652 /* GamecontrollerNode.m in Sources */ = {isa = PBXBuildFile; fileRef = A07FEE561D8DE4E600309652 /* GamecontrollerNode.m */; };
		A07FEE621D8DE4E600309652 /* GamecontrollerPerformPlugin-Prefix.pch in Headers */ = {isa = PBXBuildFile; fileRef = A07FEE611D8DE4E600309652 /* GamecontrollerPerformPlugin-Prefix.pch */; };
		A07FEE651D8DE4E600309652 /* Performer.framework in Frameworks */ = {isa = PBXBuildFile; fileRef = A07FEE641D8DE4E600309652 /* Performer.framework */; };
		A07FEE671D8DE4E600309652 /* RelativeInterface.framework in Frameworks */ = {isa = PBXBuildFile; fileRef = A07FEE661D8DE4E600309652 /* RelativeInterface.framework */; };
		A07FEE691D8DE4E600309652 /* GamecontrollerPatch.h in Headers */ = {isa = PBXBuildFile; fileRef = A07FEE681D8DE4E600309652 /* GamecontrollerPatch.h */; };
		A07FEE6B1D8DE4E600309652 /* GamecontrollerPatch.m in Sources */ = {isa = PBXBuildFile; fileRef = A07FEE6A1D8DE4E600309652 /* GamecontrollerPatch.m */; };
		A07FEE761D8DE4E600309652 /* main.m in Sources */ = {isa = PBXBuildFile; fileRef = A07FEE751D8DE4E600309652 /* main.m */; };
		A07FEE791D8DE4E600309652 /* AppDelegate.m in Sources */ = {isa = PBXBuildFile; fileRef = A07FEE781D8DE4E600309652 /* AppDelegate.m */; };
		A07FEE7C1D8DE4E600309652 /* ConnectViewController.m in Sources */ = {isa = PBXBuildFile; fileRef = A07FEE7B1D8DE4E600309652 /* ConnectViewController.m */; };
		A07FEE7E1D8DE4E600309652 /* GamecontrollerViewer-Prefix.pch in Resources */ = {isa = PBXBuildFile; fileRef = A07FEE7D1D8DE4E600309652 /* GamecontrollerViewer-Prefix.pch */; };
		A07FEE801D8DE4E600309652 /* Images.xcassets in Resources */ = {isa = PBXBuildFile; fileRef = A07FEE7F1D8DE4E600309652 /* Images.xcassets */; };
		A07FEE821D8DE4E600309652 /* Connect@2x.png in Resources */ = {isa = PBXBuildFile; fileRef = A07FEE811D8DE4E600309652 /* Connect@2x.png */; };
		A07FEE851D8DE4E600309652 /* MaterialIcons-Regular.ttf in Resources */ = {isa = PBXBuildFile; fileRef = A07FEE841D8DE4E600309652 /* MaterialIcons-Regular.ttf */; };
		A07FEE871D8DE4E600309652 /* Roboto-Black.ttf in Resources */ = {isa = PBXBuildFile; fileRef = A07FEE861D8DE4E600309652 /* Roboto-Black.ttf */; };
		A07FEE891D8DE4E600309652 /* Roboto-BlackItalic.ttf in Resources */ = {isa = PBXBuildFile; fileRef = A07FEE881D8DE4E600309652 /* Roboto-BlackItalic.ttf */; };
		A07FEE8B1D8DE4E600309652 /* Roboto-Bold.ttf in Resources */ = {isa = PBXBuildFile; fileRef = A07FEE8A1D8DE4E600309652 /* Roboto-Bold.ttf */; };
		A07FEE8D1D8DE4E600309652 /* Roboto-BoldItalic.ttf in Resources */ = {isa = PBXBuildFile; fileRef = A07FEE8C1D8DE4E600309652 /* Roboto-BoldItalic.ttf */; };
		A07FEE8F1D8DE4E600309652 /* Roboto-Italic.ttf in Resources */ = {isa = PBXBuildFile; fileRef = A07FEE8E1D8DE4E600309652 /* Roboto-Italic.ttf */; };
		A07FEE911D8DE4E600309652 /* Roboto-Light.ttf in Resources */ = {isa = PBXBuildFile; fileRef = A07FEE901D8DE4E600309652 /* Roboto-Light.ttf */; };
		A07FEE931D8DE4E600309652 /* Roboto-LightItalic.ttf in Resources */ = {isa = PBXBuildFile; fileRef = A07FEE921D8DE4E600309652 /* Roboto-LightItalic.ttf */; };
		A07FEE951D8DE4E600309652 /* Roboto-Medium.ttf in Resources */ = {isa = PBXBuildFile; fileRef = A07FEE941D8DE4E600309652 /* Roboto-Medium.ttf */; };
		A07FEE971D8DE4E600309652 /* Roboto-MediumItalic.ttf in Resources */ = {isa = PBXBuildFile; fileRef = A07FEE961D8DE4E600309652 /* Roboto-MediumItalic.ttf */; };
		A07FEE991D8DE4E600309652 /* Roboto-Regular.ttf in Resources */ = {isa = PBXBuildFile; fileRef = A07FEE981D8DE4E600309652 /* Roboto-Regular.ttf */; };
		A07FEE9B1D8DE4E600309652 /* Roboto-Thin.ttf in Resources */ = {isa = PBXBuildFile; fileRef = A07FEE9A1D8DE4E600309652 /* Roboto-Thin.ttf */; };
		A07FEE9D1D8DE4E600309652 /* Roboto-ThinItalic.ttf in Resources */ = {isa = PBXBuildFile; fileRef = A07FEE9C1D8DE4E600309652 /* Roboto-ThinItalic.ttf */; };
		A07FEE9F1D8DE4E600309652 /* RobotoCondensed-Bold.ttf in Resources */ = {isa = PBXBuildFile; fileRef = A07FEE9E1D8DE4E600309652 /* RobotoCondensed-Bold.ttf */; };
		A07FEEA11D8DE4E600309652 /* RobotoCondensed-BoldItalic.ttf in Resources */ = {isa = PBXBuildFile; fileRef = A07FEEA01D8DE4E600309652 /* RobotoCondensed-BoldItalic.ttf */; };
		A07FEEA31D8DE4E600309652 /* RobotoCondensed-Italic.ttf in Resources */ = {isa = PBXBuildFile; fileRef = A07FEEA21D8DE4E600309652 /* RobotoCondensed-Italic.ttf */; };
		A07FEEA51D8DE4E600309652 /* RobotoCondensed-Light.ttf in Resources */ = {isa = PBXBuildFile; fileRef = A07FEEA41D8DE4E600309652 /* RobotoCondensed-Light.ttf */; };
		A07FEEA71D8DE4E600309652 /* RobotoCondensed-LightItalic.ttf in Resources */ = {isa = PBXBuildFile; fileRef = A07FEEA61D8DE4E600309652 /* RobotoCondensed-LightItalic.ttf */; };
		A07FEEA91D8DE4E600309652 /* RobotoCondensed-Regular.ttf in Resources */ = {isa = PBXBuildFile; fileRef = A07FEEA81D8DE4E600309652 /* RobotoCondensed-Regular.ttf */; };
		A07FEEAC1D8DE4E600309652 /* Performer.framework in Frameworks */ = {isa = PBXBuildFile; fileRef = A07FEEAB1D8DE4E600309652 /* Performer.framework */; };
		A07FEEAE1D8DE4E600309652 /* RelativeInterface.framework in Frameworks */ = {isa = PBXBuildFile; fileRef = A07FEEAD1D8DE4E600309652 /* RelativeInterface.framework */; };
		A07FEEB11D8DE4E600309652 /* LaunchScreen.xib in Resources */ = {isa = PBXBuildFile; fileRef = A07FEEAF1D8DE4E600309652 /* LaunchScreen.xib */; };
		A07FEEC11D8DE53700309652 /* GamecontrollerPerformPlugin.framework in Frameworks */ = {isa = PBXBuildFile; fileRef = A07FEE5E1D8DE4E600309652 /* GamecontrollerPerformPlugin.framework */; };
		A07FEEC21D8DE5E200309652 /* Performer.framework in CopyFiles */ = {isa = PBXBuildFile; fileRef = A07FEEAB1D8DE4E600309652 /* Performer.framework */; settings = {ATTRIBUTES = (CodeSignOnCopy, RemoveHeadersOnCopy, ); }; };
		A07FEEC31D8DE5E200309652 /* RelativeInterface.framework in CopyFiles */ = {isa = PBXBuildFile; fileRef = A07FEEAD1D8DE4E600309652 /* RelativeInterface.framework */; settings = {ATTRIBUTES = (CodeSignOnCopy, RemoveHeadersOnCopy, ); }; };
		A07FEEC41D8DE5E200309652 /* GamecontrollerPerformPlugin.framework in CopyFiles */ = {isa = PBXBuildFile; fileRef = A07FEE5E1D8DE4E600309652 /* GamecontrollerPerformPlugin.framework */; settings = {ATTRIBUTES = (CodeSignOnCopy, RemoveHeadersOnCopy, ); }; };
/* End PBXBuildFile section */

/* Begin PBXCopyFilesBuildPhase section */
		A07FEE701D8DE4E600309652 /* CopyFiles */ = {
			isa = PBXCopyFilesBuildPhase;
			buildActionMask = 2147483647;
			dstPath = "";
			dstSubfolderSpec = 10;
			files = (
				A07FEEC21D8DE5E200309652 /* Performer.framework in CopyFiles */,
				A07FEEC31D8DE5E200309652 /* RelativeInterface.framework in CopyFiles */,
				A07FEEC41D8DE5E200309652 /* GamecontrollerPerformPlugin.framework in CopyFiles */,
			);
			runOnlyForDeploymentPostprocessing = 0;
		};
/* End PBXCopyFilesBuildPhase section */

/* Begin PBXFileReference section */
		A07FEE471D8DE4E400309652 /* GamecontrollerFormPlugin.formplugin */ = {isa = PBXFileReference; explicitFileType = wrapper.cfbundle; includeInIndex = 0; path = GamecontrollerFormPlugin.formplugin; sourceTree = BUILT_PRODUCTS_DIR; };
		A07FEE4B1D8DE4E400309652 /* GamecontrollerFormPlugin-Prefix.pch */ = {isa = PBXFileReference; lastKnownFileType = sourcecode.c.h; path = "GamecontrollerFormPlugin-Prefix.pch"; sourceTree = "<group>"; };
		A07FEE4E1D8DE4E500309652 /* Former.framework */ = {isa = PBXFileReference; lastKnownFileType = wrapper.framework; name = Former.framework; path = ../Frameworks/Former.framework; sourceTree = "<group>"; };
		A07FEE501D8DE4E600309652 /* RelativeInterfaceMac.framework */ = {isa = PBXFileReference; lastKnownFileType = wrapper.framework; name = RelativeInterfaceMac.framework; path = ../Frameworks/RelativeInterfaceMac.framework; sourceTree = "<group>"; };
		A07FEE521D8DE4E600309652 /* GamecontrollerPlugin.h */ = {isa = PBXFileReference; lastKnownFileType = sourcecode.c.h; path = GamecontrollerPlugin.h; sourceTree = "<group>"; };
		A07FEE531D8DE4E600309652 /* GamecontrollerPlugin.m */ = {isa = PBXFileReference; lastKnownFileType = sourcecode.c.objc; path = GamecontrollerPlugin.m; sourceTree = "<group>"; };
		A07FEE551D8DE4E600309652 /* GamecontrollerNode.h */ = {isa = PBXFileReference; lastKnownFileType = sourcecode.c.h; path = GamecontrollerNode.h; sourceTree = "<group>"; };
		A07FEE561D8DE4E600309652 /* GamecontrollerNode.m */ = {isa = PBXFileReference; lastKnownFileType = sourcecode.c.objc; path = GamecontrollerNode.m; sourceTree = "<group>"; };
		A07FEE581D8DE4E600309652 /* Info.plist */ = {isa = PBXFileReference; lastKnownFileType = text.plist.xml; path = Info.plist; sourceTree = "<group>"; };
		A07FEE5E1D8DE4E600309652 /* GamecontrollerPerformPlugin.framework */ = {isa = PBXFileReference; explicitFileType = wrapper.framework; includeInIndex = 0; path = GamecontrollerPerformPlugin.framework; sourceTree = BUILT_PRODUCTS_DIR; };
		A07FEE611D8DE4E600309652 /* GamecontrollerPerformPlugin-Prefix.pch */ = {isa = PBXFileReference; lastKnownFileType = sourcecode.c.h; path = "GamecontrollerPerformPlugin-Prefix.pch"; sourceTree = "<group>"; };
		A07FEE641D8DE4E600309652 /* Performer.framework */ = {isa = PBXFileReference; lastKnownFileType = wrapper.framework; name = Performer.framework; path = ../Frameworks/Performer.framework; sourceTree = "<group>"; };
		A07FEE661D8DE4E600309652 /* RelativeInterface.framework */ = {isa = PBXFileReference; lastKnownFileType = wrapper.framework; name = RelativeInterface.framework; path = ../Frameworks/RelativeInterface.framework; sourceTree = "<group>"; };
		A07FEE681D8DE4E600309652 /* GamecontrollerPatch.h */ = {isa = PBXFileReference; lastKnownFileType = sourcecode.c.h; path = GamecontrollerPatch.h; sourceTree = "<group>"; };
		A07FEE6A1D8DE4E600309652 /* GamecontrollerPatch.m */ = {isa = PBXFileReference; lastKnownFileType = sourcecode.c.objc; path = GamecontrollerPatch.m; sourceTree = "<group>"; };
		A07FEE6C1D8DE4E600309652 /* Info.plist */ = {isa = PBXFileReference; lastKnownFileType = text.plist.xml; path = Info.plist; sourceTree = "<group>"; };
		A07FEE721D8DE4E600309652 /* GamecontrollerViewer.app */ = {isa = PBXFileReference; explicitFileType = wrapper.application; includeInIndex = 0; path = GamecontrollerViewer.app; sourceTree = BUILT_PRODUCTS_DIR; };
		A07FEE751D8DE4E600309652 /* main.m */ = {isa = PBXFileReference; lastKnownFileType = sourcecode.c.objc; path = main.m; sourceTree = "<group>"; };
		A07FEE771D8DE4E600309652 /* AppDelegate.h */ = {isa = PBXFileReference; lastKnownFileType = sourcecode.c.h; path = AppDelegate.h; sourceTree = "<group>"; };
		A07FEE781D8DE4E600309652 /* AppDelegate.m */ = {isa = PBXFileReference; lastKnownFileType = sourcecode.c.objc; path = AppDelegate.m; sourceTree = "<group>"; };
		A07FEE7A1D8DE4E600309652 /* ConnectViewController.h */ = {isa = PBXFileReference; lastKnownFileType = sourcecode.c.h; path = ConnectViewController.h; sourceTree = "<group>"; };
		A07FEE7B1D8DE4E600309652 /* ConnectViewController.m */ = {isa = PBXFileReference; lastKnownFileType = sourcecode.c.objc; path = ConnectViewController.m; sourceTree = "<group>"; };
		A07FEE7D1D8DE4E600309652 /* GamecontrollerViewer-Prefix.pch */ = {isa = PBXFileReference; lastKnownFileType = sourcecode.c.h; path = "GamecontrollerViewer-Prefix.pch"; sourceTree = "<group>"; };
		A07FEE7F1D8DE4E600309652 /* Images.xcassets */ = {isa = PBXFileReference; lastKnownFileType = folder.assetcatalog; path = Images.xcassets; sourceTree = "<group>"; };
		A07FEE811D8DE4E600309652 /* Connect@2x.png */ = {isa = PBXFileReference; lastKnownFileType = image.png; path = "Connect@2x.png"; sourceTree = "<group>"; };
		A07FEE841D8DE4E600309652 /* MaterialIcons-Regular.ttf */ = {isa = PBXFileReference; lastKnownFileType = file; path = "MaterialIcons-Regular.ttf"; sourceTree = "<group>"; };
		A07FEE861D8DE4E600309652 /* Roboto-Black.ttf */ = {isa = PBXFileReference; lastKnownFileType = file; path = "Roboto-Black.ttf"; sourceTree = "<group>"; };
		A07FEE881D8DE4E600309652 /* Roboto-BlackItalic.ttf */ = {isa = PBXFileReference; lastKnownFileType = file; path = "Roboto-BlackItalic.ttf"; sourceTree = "<group>"; };
		A07FEE8A1D8DE4E600309652 /* Roboto-Bold.ttf */ = {isa = PBXFileReference; lastKnownFileType = file; path = "Roboto-Bold.ttf"; sourceTree = "<group>"; };
		A07FEE8C1D8DE4E600309652 /* Roboto-BoldItalic.ttf */ = {isa = PBXFileReference; lastKnownFileType = file; path = "Roboto-BoldItalic.ttf"; sourceTree = "<group>"; };
		A07FEE8E1D8DE4E600309652 /* Roboto-Italic.ttf */ = {isa = PBXFileReference; lastKnownFileType = file; path = "Roboto-Italic.ttf"; sourceTree = "<group>"; };
		A07FEE901D8DE4E600309652 /* Roboto-Light.ttf */ = {isa = PBXFileReference; lastKnownFileType = file; path = "Roboto-Light.ttf"; sourceTree = "<group>"; };
		A07FEE921D8DE4E600309652 /* Roboto-LightItalic.ttf */ = {isa = PBXFileReference; lastKnownFileType = file; path = "Roboto-LightItalic.ttf"; sourceTree = "<group>"; };
		A07FEE941D8DE4E600309652 /* Roboto-Medium.ttf */ = {isa = PBXFileReference; lastKnownFileType = file; path = "Roboto-Medium.ttf"; sourceTree = "<group>"; };
		A07FEE961D8DE4E600309652 /* Roboto-MediumItalic.ttf */ = {isa = PBXFileReference; lastKnownFileType = file; path = "Roboto-MediumItalic.ttf"; sourceTree = "<group>"; };
		A07FEE981D8DE4E600309652 /* Roboto-Regular.ttf */ = {isa = PBXFileReference; lastKnownFileType = file; path = "Roboto-Regular.ttf"; sourceTree = "<group>"; };
		A07FEE9A1D8DE4E600309652 /* Roboto-Thin.ttf */ = {isa = PBXFileReference; lastKnownFileType = file; path = "Roboto-Thin.ttf"; sourceTree = "<group>"; };
		A07FEE9C1D8DE4E600309652 /* Roboto-ThinItalic.ttf */ = {isa = PBXFileReference; lastKnownFileType = file; path = "Roboto-ThinItalic.ttf"; sourceTree = "<group>"; };
		A07FEE9E1D8DE4E600309652 /* RobotoCondensed-Bold.ttf */ = {isa = PBXFileReference; lastKnownFileType = file; path = "RobotoCondensed-Bold.ttf"; sourceTree = "<group>"; };
		A07FEEA01D8DE4E600309652 /* RobotoCondensed-BoldItalic.ttf */ = {isa = PBXFileReference; lastKnownFileType = file; path = "RobotoCondensed-BoldItalic.ttf"; sourceTree = "<group>"; };
		A07FEEA21D8DE4E600309652 /* RobotoCondensed-Italic.ttf */ = {isa = PBXFileReference; lastKnownFileType = file; path = "RobotoCondensed-Italic.ttf"; sourceTree = "<group>"; };
		A07FEEA41D8DE4E600309652 /* RobotoCondensed-Light.ttf */ = {isa = PBXFileReference; lastKnownFileType = file; path = "RobotoCondensed-Light.ttf"; sourceTree = "<group>"; };
		A07FEEA61D8DE4E600309652 /* RobotoCondensed-LightItalic.ttf */ = {isa = PBXFileReference; lastKnownFileType = file; path = "RobotoCondensed-LightItalic.ttf"; sourceTree = "<group>"; };
		A07FEEA81D8DE4E600309652 /* RobotoCondensed-Regular.ttf */ = {isa = PBXFileReference; lastKnownFileType = file; path = "RobotoCondensed-Regular.ttf"; sourceTree = "<group>"; };
		A07FEEAB1D8DE4E600309652 /* Performer.framework */ = {isa = PBXFileReference; lastKnownFileType = wrapper.framework; name = Performer.framework; path = ../Frameworks/Performer.framework; sourceTree = "<group>"; };
		A07FEEAD1D8DE4E600309652 /* RelativeInterface.framework */ = {isa = PBXFileReference; lastKnownFileType = wrapper.framework; name = RelativeInterface.framework; path = ../Frameworks/RelativeInterface.framework; sourceTree = "<group>"; };
		A07FEEB01D8DE4E600309652 /* Base */ = {isa = PBXFileReference; lastKnownFileType = file.xib; name = Base; path = Base.lproj/LaunchScreen.xib; sourceTree = "<group>"; };
		A07FEEB21D8DE4E600309652 /* Info.plist */ = {isa = PBXFileReference; lastKnownFileType = text.plist.xml; path = Info.plist; sourceTree = "<group>"; };
		A07FEEC61D8DE63400309652 /* GameController.framework */ = {isa = PBXFileReference; lastKnownFileType = wrapper.framework; name = GameController.framework; path = Platforms/iPhoneOS.platform/Developer/SDKs/iPhoneOS10.0.sdk/System/Library/Frameworks/GameController.framework; sourceTree = DEVELOPER_DIR; };
/* End PBXFileReference section */

/* Begin PBXFrameworksBuildPhase section */
		A07FEE441D8DE4E400309652 /* Frameworks */ = {
			isa = PBXFrameworksBuildPhase;
			buildActionMask = 2147483647;
			files = (
				A07FEE511D8DE4E600309652 /* RelativeInterfaceMac.framework in Frameworks */,
				A07FEE4F1D8DE4E500309652 /* Former.framework in Frameworks */,
			);
			runOnlyForDeploymentPostprocessing = 0;
		};
		A07FEE5A1D8DE4E600309652 /* Frameworks */ = {
			isa = PBXFrameworksBuildPhase;
			buildActionMask = 2147483647;
			files = (
				A07FEE671D8DE4E600309652 /* RelativeInterface.framework in Frameworks */,
				A07FEE651D8DE4E600309652 /* Performer.framework in Frameworks */,
			);
			runOnlyForDeploymentPostprocessing = 0;
		};
		A07FEE6E1D8DE4E600309652 /* Frameworks */ = {
			isa = PBXFrameworksBuildPhase;
			buildActionMask = 2147483647;
			files = (
				A07FEEC11D8DE53700309652 /* GamecontrollerPerformPlugin.framework in Frameworks */,
				A07FEEAE1D8DE4E600309652 /* RelativeInterface.framework in Frameworks */,
				A07FEEAC1D8DE4E600309652 /* Performer.framework in Frameworks */,
			);
			runOnlyForDeploymentPostprocessing = 0;
		};
/* End PBXFrameworksBuildPhase section */

/* Begin PBXGroup section */
		A07FEE3C1D8DE4E400309652 = {
			isa = PBXGroup;
			children = (
				A07FEE491D8DE4E400309652 /* GamecontrollerFormPlugin */,
				A07FEE5F1D8DE4E600309652 /* GamecontrollerPerformPlugin */,
				A07FEE731D8DE4E600309652 /* GamecontrollerViewer */,
				A07FEE481D8DE4E400309652 /* Products */,
				A07FEEC51D8DE63400309652 /* Frameworks */,
			);
			sourceTree = "<group>";
		};
		A07FEE481D8DE4E400309652 /* Products */ = {
			isa = PBXGroup;
			children = (
				A07FEE471D8DE4E400309652 /* GamecontrollerFormPlugin.formplugin */,
				A07FEE5E1D8DE4E600309652 /* GamecontrollerPerformPlugin.framework */,
				A07FEE721D8DE4E600309652 /* GamecontrollerViewer.app */,
			);
			name = Products;
			sourceTree = "<group>";
		};
		A07FEE491D8DE4E400309652 /* GamecontrollerFormPlugin */ = {
			isa = PBXGroup;
			children = (
				A07FEE521D8DE4E600309652 /* GamecontrollerPlugin.h */,
				A07FEE531D8DE4E600309652 /* GamecontrollerPlugin.m */,
				A07FEE551D8DE4E600309652 /* GamecontrollerNode.h */,
				A07FEE561D8DE4E600309652 /* GamecontrollerNode.m */,
				A07FEE581D8DE4E600309652 /* Info.plist */,
				A07FEE4D1D8DE4E500309652 /* Frameworks */,
				A07FEE4A1D8DE4E400309652 /* Supporting Files */,
			);
			path = GamecontrollerFormPlugin;
			sourceTree = "<group>";
		};
		A07FEE4A1D8DE4E400309652 /* Supporting Files */ = {
			isa = PBXGroup;
			children = (
				A07FEE4B1D8DE4E400309652 /* GamecontrollerFormPlugin-Prefix.pch */,
			);
			name = "Supporting Files";
			sourceTree = "<group>";
		};
		A07FEE4D1D8DE4E500309652 /* Frameworks */ = {
			isa = PBXGroup;
			children = (
				A07FEE4E1D8DE4E500309652 /* Former.framework */,
				A07FEE501D8DE4E600309652 /* RelativeInterfaceMac.framework */,
			);
			name = Frameworks;
			sourceTree = "<group>";
		};
		A07FEE5F1D8DE4E600309652 /* GamecontrollerPerformPlugin */ = {
			isa = PBXGroup;
			children = (
				A07FEE681D8DE4E600309652 /* GamecontrollerPatch.h */,
				A07FEE6A1D8DE4E600309652 /* GamecontrollerPatch.m */,
				A07FEE6C1D8DE4E600309652 /* Info.plist */,
				A07FEE631D8DE4E600309652 /* Frameworks */,
				A07FEE601D8DE4E600309652 /* Supporting Files */,
			);
			path = GamecontrollerPerformPlugin;
			sourceTree = "<group>";
		};
		A07FEE601D8DE4E600309652 /* Supporting Files */ = {
			isa = PBXGroup;
			children = (
				A07FEE611D8DE4E600309652 /* GamecontrollerPerformPlugin-Prefix.pch */,
			);
			name = "Supporting Files";
			sourceTree = "<group>";
		};
		A07FEE631D8DE4E600309652 /* Frameworks */ = {
			isa = PBXGroup;
			children = (
				A07FEE641D8DE4E600309652 /* Performer.framework */,
				A07FEE661D8DE4E600309652 /* RelativeInterface.framework */,
			);
			name = Frameworks;
			sourceTree = "<group>";
		};
		A07FEE731D8DE4E600309652 /* GamecontrollerViewer */ = {
			isa = PBXGroup;
			children = (
				A07FEE771D8DE4E600309652 /* AppDelegate.h */,
				A07FEE781D8DE4E600309652 /* AppDelegate.m */,
				A07FEE7A1D8DE4E600309652 /* ConnectViewController.h */,
				A07FEE7B1D8DE4E600309652 /* ConnectViewController.m */,
				A07FEE7F1D8DE4E600309652 /* Images.xcassets */,
				A07FEE811D8DE4E600309652 /* Connect@2x.png */,
				A07FEEAF1D8DE4E600309652 /* LaunchScreen.xib */,
				A07FEEB21D8DE4E600309652 /* Info.plist */,
				A07FEE831D8DE4E600309652 /* Fonts */,
				A07FEEAA1D8DE4E600309652 /* Frameworks */,
				A07FEE741D8DE4E600309652 /* Supporting Files */,
			);
			path = GamecontrollerViewer;
			sourceTree = "<group>";
		};
		A07FEE741D8DE4E600309652 /* Supporting Files */ = {
			isa = PBXGroup;
			children = (
				A07FEE751D8DE4E600309652 /* main.m */,
				A07FEE7D1D8DE4E600309652 /* GamecontrollerViewer-Prefix.pch */,
			);
			name = "Supporting Files";
			sourceTree = "<group>";
		};
		A07FEE831D8DE4E600309652 /* Fonts */ = {
			isa = PBXGroup;
			children = (
				A07FEE841D8DE4E600309652 /* MaterialIcons-Regular.ttf */,
				A07FEE861D8DE4E600309652 /* Roboto-Black.ttf */,
				A07FEE881D8DE4E600309652 /* Roboto-BlackItalic.ttf */,
				A07FEE8A1D8DE4E600309652 /* Roboto-Bold.ttf */,
				A07FEE8C1D8DE4E600309652 /* Roboto-BoldItalic.ttf */,
				A07FEE8E1D8DE4E600309652 /* Roboto-Italic.ttf */,
				A07FEE901D8DE4E600309652 /* Roboto-Light.ttf */,
				A07FEE921D8DE4E600309652 /* Roboto-LightItalic.ttf */,
				A07FEE941D8DE4E600309652 /* Roboto-Medium.ttf */,
				A07FEE961D8DE4E600309652 /* Roboto-MediumItalic.ttf */,
				A07FEE981D8DE4E600309652 /* Roboto-Regular.ttf */,
				A07FEE9A1D8DE4E600309652 /* Roboto-Thin.ttf */,
				A07FEE9C1D8DE4E600309652 /* Roboto-ThinItalic.ttf */,
				A07FEE9E1D8DE4E600309652 /* RobotoCondensed-Bold.ttf */,
				A07FEEA01D8DE4E600309652 /* RobotoCondensed-BoldItalic.ttf */,
				A07FEEA21D8DE4E600309652 /* RobotoCondensed-Italic.ttf */,
				A07FEEA41D8DE4E600309652 /* RobotoCondensed-Light.ttf */,
				A07FEEA61D8DE4E600309652 /* RobotoCondensed-LightItalic.ttf */,
				A07FEEA81D8DE4E600309652 /* RobotoCondensed-Regular.ttf */,
			);
			name = Fonts;
			sourceTree = "<group>";
		};
		A07FEEAA1D8DE4E600309652 /* Frameworks */ = {
			isa = PBXGroup;
			children = (
				A07FEEAB1D8DE4E600309652 /* Performer.framework */,
				A07FEEAD1D8DE4E600309652 /* RelativeInterface.framework */,
			);
			name = Frameworks;
			sourceTree = "<group>";
		};
		A07FEEC51D8DE63400309652 /* Frameworks */ = {
			isa = PBXGroup;
			children = (
				A07FEEC61D8DE63400309652 /* GameController.framework */,
			);
			name = Frameworks;
			sourceTree = "<group>";
		};
/* End PBXGroup section */

/* Begin PBXHeadersBuildPhase section */
		A07FEE5B1D8DE4E600309652 /* Headers */ = {
			isa = PBXHeadersBuildPhase;
			buildActionMask = 2147483647;
			files = (
				A07FEE621D8DE4E600309652 /* GamecontrollerPerformPlugin-Prefix.pch in Headers */,
				A07FEE691D8DE4E600309652 /* GamecontrollerPatch.h in Headers */,
			);
			runOnlyForDeploymentPostprocessing = 0;
		};
/* End PBXHeadersBuildPhase section */

/* Begin PBXNativeTarget section */
		A07FEE461D8DE4E400309652 /* GamecontrollerFormPlugin */ = {
			isa = PBXNativeTarget;
			buildConfigurationList = A07FEEB81D8DE4E600309652 /* Build configuration list for PBXNativeTarget "GamecontrollerFormPlugin" */;
			buildPhases = (
				A07FEE431D8DE4E400309652 /* Sources */,
				A07FEE441D8DE4E400309652 /* Frameworks */,
				A07FEE451D8DE4E400309652 /* Resources */,
			);
			buildRules = (
			);
			dependencies = (
			);
			name = GamecontrollerFormPlugin;
			productName = GamecontrollerFormPlugin;
			productReference = A07FEE471D8DE4E400309652 /* GamecontrollerFormPlugin.formplugin */;
			productType = "com.apple.product-type.bundle";
		};
		A07FEE5D1D8DE4E600309652 /* GamecontrollerPerformPlugin */ = {
			isa = PBXNativeTarget;
			buildConfigurationList = A07FEEBB1D8DE4E600309652 /* Build configuration list for PBXNativeTarget "GamecontrollerPerformPlugin" */;
			buildPhases = (
				A07FEE591D8DE4E600309652 /* Sources */,
				A07FEE5A1D8DE4E600309652 /* Frameworks */,
				A07FEE5B1D8DE4E600309652 /* Headers */,
				A07FEE5C1D8DE4E600309652 /* Resources */,
			);
			buildRules = (
			);
			dependencies = (
			);
			name = GamecontrollerPerformPlugin;
			productName = GamecontrollerPerformPlugin;
			productReference = A07FEE5E1D8DE4E600309652 /* GamecontrollerPerformPlugin.framework */;
			productType = "com.apple.product-type.framework";
		};
		A07FEE711D8DE4E600309652 /* GamecontrollerViewer */ = {
			isa = PBXNativeTarget;
			buildConfigurationList = A07FEEBE1D8DE4E600309652 /* Build configuration list for PBXNativeTarget "GamecontrollerViewer" */;
			buildPhases = (
				A07FEE6D1D8DE4E600309652 /* Sources */,
				A07FEE6E1D8DE4E600309652 /* Frameworks */,
				A07FEE6F1D8DE4E600309652 /* Resources */,
				A07FEE701D8DE4E600309652 /* CopyFiles */,
			);
			buildRules = (
			);
			dependencies = (
			);
			name = GamecontrollerViewer;
			productName = GamecontrollerViewer;
			productReference = A07FEE721D8DE4E600309652 /* GamecontrollerViewer.app */;
			productType = "com.apple.product-type.application";
		};
/* End PBXNativeTarget section */

/* Begin PBXProject section */
		A07FEE3D1D8DE4E400309652 /* Project object */ = {
			isa = PBXProject;
			attributes = {
				LastUpgradeCheck = 0800;
				ORGANIZATIONNAME = "Just Add Music Media";
				TargetAttributes = {
					A07FEE421D8DE4E400309652 = {
						CreatedOnToolsVersion = 8.0;
						DevelopmentTeam = 6EZA4ZP3UF;
						ProvisioningStyle = Automatic;
					};
					A07FEE461D8DE4E400309652 = {
						CreatedOnToolsVersion = 8.0;
						DevelopmentTeam = 6EZA4ZP3UF;
						ProvisioningStyle = Automatic;
					};
					A07FEE5D1D8DE4E600309652 = {
						CreatedOnToolsVersion = 8.0;
						DevelopmentTeam = 6EZA4ZP3UF;
						ProvisioningStyle = Automatic;
					};
					A07FEE711D8DE4E600309652 = {
						CreatedOnToolsVersion = 8.0;
						DevelopmentTeam = 6EZA4ZP3UF;
						ProvisioningStyle = Automatic;
					};
				};
			};
			buildConfigurationList = A07FEE401D8DE4E400309652 /* Build configuration list for PBXProject "Gamecontroller" */;
			compatibilityVersion = "Xcode 3.2";
			developmentRegion = English;
			hasScannedForEncodings = 0;
			knownRegions = (
				en,
				Base,
			);
			mainGroup = A07FEE3C1D8DE4E400309652;
			productRefGroup = A07FEE481D8DE4E400309652 /* Products */;
			projectDirPath = "";
			projectRoot = "";
			targets = (
				A07FEE421D8DE4E400309652 /* Gamecontroller */,
				A07FEE461D8DE4E400309652 /* GamecontrollerFormPlugin */,
				A07FEE5D1D8DE4E600309652 /* GamecontrollerPerformPlugin */,
				A07FEE711D8DE4E600309652 /* GamecontrollerViewer */,
			);
		};
/* End PBXProject section */

/* Begin PBXResourcesBuildPhase section */
		A07FEE451D8DE4E400309652 /* Resources */ = {
			isa = PBXResourcesBuildPhase;
			buildActionMask = 2147483647;
			files = (
				A07FEE4C1D8DE4E400309652 /* GamecontrollerFormPlugin-Prefix.pch in Resources */,
			);
			runOnlyForDeploymentPostprocessing = 0;
		};
		A07FEE5C1D8DE4E600309652 /* Resources */ = {
			isa = PBXResourcesBuildPhase;
			buildActionMask = 2147483647;
			files = (
			);
			runOnlyForDeploymentPostprocessing = 0;
		};
		A07FEE6F1D8DE4E600309652 /* Resources */ = {
			isa = PBXResourcesBuildPhase;
			buildActionMask = 2147483647;
			files = (
				A07FEE8B1D8DE4E600309652 /* Roboto-Bold.ttf in Resources */,
				A07FEE931D8DE4E600309652 /* Roboto-LightItalic.ttf in Resources */,
				A07FEEA31D8DE4E600309652 /* RobotoCondensed-Italic.ttf in Resources */,
				A07FEEA11D8DE4E600309652 /* RobotoCondensed-BoldItalic.ttf in Resources */,
				A07FEE971D8DE4E600309652 /* Roboto-MediumItalic.ttf in Resources */,
				A07FEE8F1D8DE4E600309652 /* Roboto-Italic.ttf in Resources */,
				A07FEE911D8DE4E600309652 /* Roboto-Light.ttf in Resources */,
				A07FEE7E1D8DE4E600309652 /* GamecontrollerViewer-Prefix.pch in Resources */,
				A07FEE8D1D8DE4E600309652 /* Roboto-BoldItalic.ttf in Resources */,
				A07FEE891D8DE4E600309652 /* Roboto-BlackItalic.ttf in Resources */,
				A07FEE9B1D8DE4E600309652 /* Roboto-Thin.ttf in Resources */,
				A07FEE991D8DE4E600309652 /* Roboto-Regular.ttf in Resources */,
				A07FEEA71D8DE4E600309652 /* RobotoCondensed-LightItalic.ttf in Resources */,
				A07FEE801D8DE4E600309652 /* Images.xcassets in Resources */,
				A07FEEA91D8DE4E600309652 /* RobotoCondensed-Regular.ttf in Resources */,
				A07FEEB11D8DE4E600309652 /* LaunchScreen.xib in Resources */,
				A07FEE951D8DE4E600309652 /* Roboto-Medium.ttf in Resources */,
				A07FEEA51D8DE4E600309652 /* RobotoCondensed-Light.ttf in Resources */,
				A07FEE9D1D8DE4E600309652 /* Roboto-ThinItalic.ttf in Resources */,
				A07FEE9F1D8DE4E600309652 /* RobotoCondensed-Bold.ttf in Resources */,
				A07FEE871D8DE4E600309652 /* Roboto-Black.ttf in Resources */,
				A07FEE821D8DE4E600309652 /* Connect@2x.png in Resources */,
				A07FEE851D8DE4E600309652 /* MaterialIcons-Regular.ttf in Resources */,
			);
			runOnlyForDeploymentPostprocessing = 0;
		};
/* End PBXResourcesBuildPhase section */

/* Begin PBXShellScriptBuildPhase section */
		A07FEE411D8DE4E400309652 /* ShellScript */ = {
			isa = PBXShellScriptBuildPhase;
			buildActionMask = 2147483647;
			files = (
			);
			inputPaths = (
			);
			outputPaths = (
			);
			runOnlyForDeploymentPostprocessing = 0;
			shellPath = /bin/bash;
			shellScript = "cd \"${BUILD_DIR}\"\n\n## Build all of the Xcode configurations.\n# Mac\nxcodebuild -project \"${PROJECT_DIR}/Gamecontroller.xcodeproj\" -scheme GamecontrollerFormPlugin -configuration Release BUILD_DIR=\"${BUILD_DIR}\"\n\n# iOS\nxcodebuild -project \"${PROJECT_DIR}/Gamecontroller.xcodeproj\" -scheme GamecontrollerPerformPlugin -configuration Release -sdk iphoneos BUILD_DIR=\"${BUILD_DIR}\"\nxcodebuild -project \"${PROJECT_DIR}/Gamecontroller.xcodeproj\" -scheme GamecontrollerPerformPlugin -configuration Release -sdk iphonesimulator BUILD_DIR=\"${BUILD_DIR}\"\n\n# Create the destination directory.\nDEST_DIR=./Gamecontroller\nrm -rf $DEST_DIR\nmkdir -p \"$DEST_DIR/Gamecontroller.formplugin\"\n\n# Copy the OSX build\ncp -fR \"./Release/GamecontrollerFormPlugin.formplugin/\" \"$DEST_DIR/Gamecontroller.formplugin/\"\n\n# Copy the iOS build\ncp -fR \"./Release-iphoneos/GamecontrollerPerformPlugin.framework\" \"$DEST_DIR/GamecontrollerPerformPlugin.framework\"\n\n# lipo the iOS build\nlipo -create \"${BUILD_DIR}/Release-iphonesimulator/GamecontrollerPerformPlugin.framework/GamecontrollerPerformPlugin\" \"${BUILD_DIR}/Release-iphoneos/GamecontrollerPerformPlugin.framework/GamecontrollerPerformPlugin\" -output \"$DEST_DIR/GamecontrollerPerformPlugin.framework/GamecontrollerPerformPlugin\"\n\n# Copy the iOS build into the OSX plugin for safe keeping\nmkdir -p \"$DEST_DIR/Gamecontroller.formplugin/Contents/Perform/\"\ncp -fR \"$DEST_DIR/GamecontrollerPerformPlugin.framework\" \"$DEST_DIR/Gamecontroller.formplugin/Contents/Perform/\"\n\n# Install plugin\nmkdir -p \"$HOME/Library/Application Support/Form/PlugIns/\"\ncp -fR \"$DEST_DIR/Gamecontroller.formplugin\" \"$HOME/Library/Application Support/Form/PlugIns/\"\n\n# Reveal the finished plugin if we're archiving\nif [ \"${CONFIGURATION}\" = \"Release\" ]; then\n    open --reveal $DEST_DIR\nfi\n";
		};
/* End PBXShellScriptBuildPhase section */

/* Begin PBXSourcesBuildPhase section */
		A07FEE431D8DE4E400309652 /* Sources */ = {
			isa = PBXSourcesBuildPhase;
			buildActionMask = 2147483647;
			files = (
				A07FEE541D8DE4E600309652 /* GamecontrollerPlugin.m in Sources */,
				A07FEE571D8DE4E600309652 /* GamecontrollerNode.m in Sources */,
			);
			runOnlyForDeploymentPostprocessing = 0;
		};
		A07FEE591D8DE4E600309652 /* Sources */ = {
			isa = PBXSourcesBuildPhase;
			buildActionMask = 2147483647;
			files = (
				A07FEE6B1D8DE4E600309652 /* GamecontrollerPatch.m in Sources */,
			);
			runOnlyForDeploymentPostprocessing = 0;
		};
		A07FEE6D1D8DE4E600309652 /* Sources */ = {
			isa = PBXSourcesBuildPhase;
			buildActionMask = 2147483647;
			files = (
				A07FEE791D8DE4E600309652 /* AppDelegate.m in Sources */,
				A07FEE7C1D8DE4E600309652 /* ConnectViewController.m in Sources */,
				A07FEE761D8DE4E600309652 /* main.m in Sources */,
			);
			runOnlyForDeploymentPostprocessing = 0;
		};
/* End PBXSourcesBuildPhase section */

/* Begin PBXVariantGroup section */
		A07FEEAF1D8DE4E600309652 /* LaunchScreen.xib */ = {
			isa = PBXVariantGroup;
			children = (
				A07FEEB01D8DE4E600309652 /* Base */,
			);
			name = LaunchScreen.xib;
			sourceTree = "<group>";
		};
/* End PBXVariantGroup section */

/* Begin XCBuildConfiguration section */
		A07FEEB31D8DE4E600309652 /* Debug */ = {
			isa = XCBuildConfiguration;
			buildSettings = {
				ALWAYS_SEARCH_USER_PATHS = NO;
				CLANG_ANALYZER_NONNULL = YES;
				CLANG_CXX_LANGUAGE_STANDARD = "gnu++0x";
				CLANG_CXX_LIBRARY = "libc++";
				CLANG_ENABLE_MODULES = YES;
				CLANG_ENABLE_OBJC_ARC = YES;
				CLANG_WARN_BOOL_CONVERSION = YES;
				CLANG_WARN_CONSTANT_CONVERSION = YES;
				CLANG_WARN_DIRECT_OBJC_ISA_USAGE = YES_ERROR;
				CLANG_WARN_DOCUMENTATION_COMMENTS = YES;
				CLANG_WARN_EMPTY_BODY = YES;
				CLANG_WARN_ENUM_CONVERSION = YES;
				CLANG_WARN_INFINITE_RECURSION = YES;
				CLANG_WARN_INT_CONVERSION = YES;
				CLANG_WARN_OBJC_ROOT_CLASS = YES_ERROR;
				CLANG_WARN_SUSPICIOUS_MOVES = YES;
				CLANG_WARN_UNREACHABLE_CODE = YES;
				CLANG_WARN__DUPLICATE_METHOD_MATCH = YES;
				COPY_PHASE_STRIP = NO;
				DEBUG_INFORMATION_FORMAT = dwarf;
				ENABLE_STRICT_OBJC_MSGSEND = YES;
				ENABLE_TESTABILITY = YES;
				GCC_C_LANGUAGE_STANDARD = gnu99;
				GCC_DYNAMIC_NO_PIC = NO;
				GCC_NO_COMMON_BLOCKS = YES;
				GCC_OPTIMIZATION_LEVEL = 0;
				GCC_PREPROCESSOR_DEFINITIONS = (
					"DEBUG=1",
					"$(inherited)",
				);
				GCC_WARN_64_TO_32_BIT_CONVERSION = YES;
				GCC_WARN_ABOUT_RETURN_TYPE = YES_ERROR;
				GCC_WARN_UNDECLARED_SELECTOR = YES;
				GCC_WARN_UNINITIALIZED_AUTOS = YES_AGGRESSIVE;
				GCC_WARN_UNUSED_FUNCTION = YES;
				GCC_WARN_UNUSED_VARIABLE = YES;
				MTL_ENABLE_DEBUG_INFO = YES;
				ONLY_ACTIVE_ARCH = YES;
			};
			name = Debug;
		};
		A07FEEB41D8DE4E600309652 /* Release */ = {
			isa = XCBuildConfiguration;
			buildSettings = {
				ALWAYS_SEARCH_USER_PATHS = NO;
				CLANG_ANALYZER_NONNULL = YES;
				CLANG_CXX_LANGUAGE_STANDARD = "gnu++0x";
				CLANG_CXX_LIBRARY = "libc++";
				CLANG_ENABLE_MODULES = YES;
				CLANG_ENABLE_OBJC_ARC = YES;
				CLANG_WARN_BOOL_CONVERSION = YES;
				CLANG_WARN_CONSTANT_CONVERSION = YES;
				CLANG_WARN_DIRECT_OBJC_ISA_USAGE = YES_ERROR;
				CLANG_WARN_DOCUMENTATION_COMMENTS = YES;
				CLANG_WARN_EMPTY_BODY = YES;
				CLANG_WARN_ENUM_CONVERSION = YES;
				CLANG_WARN_INFINITE_RECURSION = YES;
				CLANG_WARN_INT_CONVERSION = YES;
				CLANG_WARN_OBJC_ROOT_CLASS = YES_ERROR;
				CLANG_WARN_SUSPICIOUS_MOVES = YES;
				CLANG_WARN_UNREACHABLE_CODE = YES;
				CLANG_WARN__DUPLICATE_METHOD_MATCH = YES;
				COPY_PHASE_STRIP = NO;
				DEBUG_INFORMATION_FORMAT = "dwarf-with-dsym";
				ENABLE_NS_ASSERTIONS = NO;
				ENABLE_STRICT_OBJC_MSGSEND = YES;
				GCC_C_LANGUAGE_STANDARD = gnu99;
				GCC_NO_COMMON_BLOCKS = YES;
				GCC_WARN_64_TO_32_BIT_CONVERSION = YES;
				GCC_WARN_ABOUT_RETURN_TYPE = YES_ERROR;
				GCC_WARN_UNDECLARED_SELECTOR = YES;
				GCC_WARN_UNINITIALIZED_AUTOS = YES_AGGRESSIVE;
				GCC_WARN_UNUSED_FUNCTION = YES;
				GCC_WARN_UNUSED_VARIABLE = YES;
				MTL_ENABLE_DEBUG_INFO = NO;
			};
			name = Release;
		};
		A07FEEB61D8DE4E600309652 /* Debug */ = {
			isa = XCBuildConfiguration;
			buildSettings = {
				DEVELOPMENT_TEAM = 6EZA4ZP3UF;
				PRODUCT_NAME = "$(TARGET_NAME)";
			};
			name = Debug;
		};
		A07FEEB71D8DE4E600309652 /* Release */ = {
			isa = XCBuildConfiguration;
			buildSettings = {
				DEVELOPMENT_TEAM = 6EZA4ZP3UF;
				PRODUCT_NAME = "$(TARGET_NAME)";
			};
			name = Release;
		};
		A07FEEB91D8DE4E600309652 /* Debug */ = {
			isa = XCBuildConfiguration;
			buildSettings = {
				CODE_SIGN_IDENTITY = "-";
				COMBINE_HIDPI_IMAGES = NO;
				DEVELOPMENT_TEAM = 6EZA4ZP3UF;
				FRAMEWORK_SEARCH_PATHS = (
					"$(inherited)",
					"$(PROJECT_DIR)/Frameworks",
				);
				GCC_PREFIX_HEADER = "GamecontrollerFormPlugin/GamecontrollerFormPlugin-Prefix.pch";
				INFOPLIST_FILE = GamecontrollerFormPlugin/Info.plist;
				INSTALL_PATH = "$(LOCAL_LIBRARY_DIR)/Bundles";
				MACOSX_DEPLOYMENT_TARGET = 10.11;
				PRODUCT_BUNDLE_IDENTIFIER = JustAddMusicMedia.GamecontrollerFormPlugin;
				PRODUCT_NAME = "$(TARGET_NAME)";
				SDKROOT = macosx;
				SKIP_INSTALL = YES;
				WRAPPER_EXTENSION = formplugin;
			};
			name = Debug;
		};
		A07FEEBA1D8DE4E600309652 /* Release */ = {
			isa = XCBuildConfiguration;
			buildSettings = {
				CODE_SIGN_IDENTITY = "-";
				COMBINE_HIDPI_IMAGES = NO;
				DEVELOPMENT_TEAM = 6EZA4ZP3UF;
				FRAMEWORK_SEARCH_PATHS = (
					"$(inherited)",
					"$(PROJECT_DIR)/Frameworks",
				);
				GCC_PREFIX_HEADER = "GamecontrollerFormPlugin/GamecontrollerFormPlugin-Prefix.pch";
				INFOPLIST_FILE = GamecontrollerFormPlugin/Info.plist;
				INSTALL_PATH = "$(LOCAL_LIBRARY_DIR)/Bundles";
				MACOSX_DEPLOYMENT_TARGET = 10.11;
				PRODUCT_BUNDLE_IDENTIFIER = JustAddMusicMedia.GamecontrollerFormPlugin;
				PRODUCT_NAME = "$(TARGET_NAME)";
				SDKROOT = macosx;
				SKIP_INSTALL = YES;
				WRAPPER_EXTENSION = formplugin;
			};
			name = Release;
		};
		A07FEEBC1D8DE4E600309652 /* Debug */ = {
			isa = XCBuildConfiguration;
			buildSettings = {
				"CODE_SIGN_IDENTITY[sdk=iphoneos*]" = "iPhone Developer";
				CURRENT_PROJECT_VERSION = 1;
				DEFINES_MODULE = YES;
				DEVELOPMENT_TEAM = 6EZA4ZP3UF;
				DYLIB_COMPATIBILITY_VERSION = 1;
				DYLIB_CURRENT_VERSION = 1;
				DYLIB_INSTALL_NAME_BASE = "@rpath";
				ENABLE_BITCODE = NO;
				FRAMEWORK_SEARCH_PATHS = (
					"$(inherited)",
					"$(PROJECT_DIR)/Frameworks",
				);
				GCC_PRECOMPILE_PREFIX_HEADER = YES;
				GCC_PREFIX_HEADER = "GamecontrollerPerformPlugin/GamecontrollerPerformPlugin-Prefix.pch";
				INFOPLIST_FILE = GamecontrollerPerformPlugin/Info.plist;
				INSTALL_PATH = "$(LOCAL_LIBRARY_DIR)/Frameworks";
				IPHONEOS_DEPLOYMENT_TARGET = 10.0;
				LD_RUNPATH_SEARCH_PATHS = "$(inherited) @executable_path/Frameworks @loader_path/Frameworks";
				PRODUCT_BUNDLE_IDENTIFIER = JustAddMusicMedia.GamecontrollerPerformPlugin;
				PRODUCT_NAME = "$(TARGET_NAME)";
				SDKROOT = iphoneos;
				SKIP_INSTALL = YES;
				TARGETED_DEVICE_FAMILY = "1,2";
				VERSIONING_SYSTEM = "apple-generic";
				VERSION_INFO_PREFIX = "";
			};
			name = Debug;
		};
		A07FEEBD1D8DE4E600309652 /* Release */ = {
			isa = XCBuildConfiguration;
			buildSettings = {
				"CODE_SIGN_IDENTITY[sdk=iphoneos*]" = "iPhone Developer";
				CURRENT_PROJECT_VERSION = 1;
				DEFINES_MODULE = YES;
				DEVELOPMENT_TEAM = 6EZA4ZP3UF;
				DYLIB_COMPATIBILITY_VERSION = 1;
				DYLIB_CURRENT_VERSION = 1;
				DYLIB_INSTALL_NAME_BASE = "@rpath";
				ENABLE_BITCODE = NO;
				FRAMEWORK_SEARCH_PATHS = (
					"$(inherited)",
					"$(PROJECT_DIR)/Frameworks",
				);
				GCC_PRECOMPILE_PREFIX_HEADER = YES;
				GCC_PREFIX_HEADER = "GamecontrollerPerformPlugin/GamecontrollerPerformPlugin-Prefix.pch";
				INFOPLIST_FILE = GamecontrollerPerformPlugin/Info.plist;
				INSTALL_PATH = "$(LOCAL_LIBRARY_DIR)/Frameworks";
				IPHONEOS_DEPLOYMENT_TARGET = 10.0;
				LD_RUNPATH_SEARCH_PATHS = "$(inherited) @executable_path/Frameworks @loader_path/Frameworks";
				PRODUCT_BUNDLE_IDENTIFIER = JustAddMusicMedia.GamecontrollerPerformPlugin;
				PRODUCT_NAME = "$(TARGET_NAME)";
				SDKROOT = iphoneos;
				SKIP_INSTALL = YES;
				TARGETED_DEVICE_FAMILY = "1,2";
				VALIDATE_PRODUCT = YES;
				VERSIONING_SYSTEM = "apple-generic";
				VERSION_INFO_PREFIX = "";
			};
			name = Release;
		};
		A07FEEBF1D8DE4E600309652 /* Debug */ = {
			isa = XCBuildConfiguration;
			buildSettings = {
				ASSETCATALOG_COMPILER_APPICON_NAME = AppIcon;
				"CODE_SIGN_IDENTITY[sdk=iphoneos*]" = "iPhone Developer";
				DEVELOPMENT_TEAM = 6EZA4ZP3UF;
				ENABLE_BITCODE = NO;
				FRAMEWORK_SEARCH_PATHS = (
					"$(inherited)",
					"$(PROJECT_DIR)/Frameworks",
				);
				GCC_PRECOMPILE_PREFIX_HEADER = YES;
				GCC_PREFIX_HEADER = "GamecontrollerViewer/GamecontrollerViewer-Prefix.pch";
				INFOPLIST_FILE = GamecontrollerViewer/Info.plist;
				IPHONEOS_DEPLOYMENT_TARGET = 10.0;
				LD_RUNPATH_SEARCH_PATHS = "$(inherited) @executable_path/Frameworks";
				PRODUCT_BUNDLE_IDENTIFIER = JustAddMusicMedia.GamecontrollerViewer;
				PRODUCT_NAME = "$(TARGET_NAME)";
				SDKROOT = iphoneos;
				TARGETED_DEVICE_FAMILY = "1,2";
			};
			name = Debug;
		};
		A07FEEC01D8DE4E600309652 /* Release */ = {
			isa = XCBuildConfiguration;
			buildSettings = {
				ASSETCATALOG_COMPILER_APPICON_NAME = AppIcon;
				"CODE_SIGN_IDENTITY[sdk=iphoneos*]" = "iPhone Developer";
				DEVELOPMENT_TEAM = 6EZA4ZP3UF;
				ENABLE_BITCODE = NO;
				FRAMEWORK_SEARCH_PATHS = (
					"$(inherited)",
					"$(PROJECT_DIR)/Frameworks",
				);
				GCC_PRECOMPILE_PREFIX_HEADER = YES;
				GCC_PREFIX_HEADER = "GamecontrollerViewer/GamecontrollerViewer-Prefix.pch";
				INFOPLIST_FILE = GamecontrollerViewer/Info.plist;
				IPHONEOS_DEPLOYMENT_TARGET = 10.0;
				LD_RUNPATH_SEARCH_PATHS = "$(inherited) @executable_path/Frameworks";
				PRODUCT_BUNDLE_IDENTIFIER = JustAddMusicMedia.GamecontrollerViewer;
				PRODUCT_NAME = "$(TARGET_NAME)";
				SDKROOT = iphoneos;
				TARGETED_DEVICE_FAMILY = "1,2";
				VALIDATE_PRODUCT = YES;
			};
			name = Release;
		};
/* End XCBuildConfiguration section */

/* Begin XCConfigurationList section */
		A07FEE401D8DE4E400309652 /* Build configuration list for PBXProject "Gamecontroller" */ = {
			isa = XCConfigurationList;
			buildConfigurations = (
				A07FEEB31D8DE4E600309652 /* Debug */,
				A07FEEB41D8DE4E600309652 /* Release */,
			);
			defaultConfigurationIsVisible = 0;
			defaultConfigurationName = Release;
		};
		A07FEEB51D8DE4E600309652 /* Build configuration list for PBXAggregateTarget "Gamecontroller" */ = {
			isa = XCConfigurationList;
			buildConfigurations = (
				A07FEEB61D8DE4E600309652 /* Debug */,
				A07FEEB71D8DE4E600309652 /* Release */,
			);
			defaultConfigurationIsVisible = 0;
		};
		A07FEEB81D8DE4E600309652 /* Build configuration list for PBXNativeTarget "GamecontrollerFormPlugin" */ = {
			isa = XCConfigurationList;
			buildConfigurations = (
				A07FEEB91D8DE4E600309652 /* Debug */,
				A07FEEBA1D8DE4E600309652 /* Release */,
			);
			defaultConfigurationIsVisible = 0;
		};
		A07FEEBB1D8DE4E600309652 /* Build configuration list for PBXNativeTarget "GamecontrollerPerformPlugin" */ = {
			isa = XCConfigurationList;
			buildConfigurations = (
				A07FEEBC1D8DE4E600309652 /* Debug */,
				A07FEEBD1D8DE4E600309652 /* Release */,
			);
			defaultConfigurationIsVisible = 0;
		};
		A07FEEBE1D8DE4E600309652 /* Build configuration list for PBXNativeTarget "GamecontrollerViewer" */ = {
			isa = XCConfigurationList;
			buildConfigurations = (
				A07FEEBF1D8DE4E600309652 /* Debug */,
				A07FEEC01D8DE4E600309652 /* Release */,
			);
			defaultConfigurationIsVisible = 0;
		};
/* End XCConfigurationList section */
	};
	rootObject = A07FEE3D1D8DE4E400309652 /* Project object */;
}
